// !$*UTF8*$!
{
	archiveVersion = 1;
	classes = {
	};
	objectVersion = 50;
	objects = {

/* Begin PBXBuildFile section */
		28374DF2252876DC007A64FE /* SOCodable.framework in Frameworks */ = {isa = PBXBuildFile; fileRef = 28374DE8252876DC007A64FE /* SOCodable.framework */; };
		28374DF7252876DD007A64FE /* SOCodableTests.swift in Sources */ = {isa = PBXBuildFile; fileRef = 28374DF6252876DD007A64FE /* SOCodableTests.swift */; };
		28374DF9252876DD007A64FE /* SOCodable.h in Headers */ = {isa = PBXBuildFile; fileRef = 28374DEB252876DC007A64FE /* SOCodable.h */; settings = {ATTRIBUTES = (Public, ); }; };
		28374E04252876F1007A64FE /* CoreData.framework in Frameworks */ = {isa = PBXBuildFile; fileRef = 28374E03252876F1007A64FE /* CoreData.framework */; };
		28374E0925287748007A64FE /* SOCodable.swift in Sources */ = {isa = PBXBuildFile; fileRef = 28374E0825287748007A64FE /* SOCodable.swift */; };
		28374E0E2528784C007A64FE /* DictionaryArray.swift in Sources */ = {isa = PBXBuildFile; fileRef = 28374E0D2528784C007A64FE /* DictionaryArray.swift */; };
		28374E102528785A007A64FE /* Dictionary.swift in Sources */ = {isa = PBXBuildFile; fileRef = 28374E0F2528785A007A64FE /* Dictionary.swift */; };
		28374E1225287866007A64FE /* Encodable.swift in Sources */ = {isa = PBXBuildFile; fileRef = 28374E1125287866007A64FE /* Encodable.swift */; };
		28374E142528788B007A64FE /* String.swift in Sources */ = {isa = PBXBuildFile; fileRef = 28374E132528788B007A64FE /* String.swift */; };
		28374E16252878BA007A64FE /* NSObject.swift in Sources */ = {isa = PBXBuildFile; fileRef = 28374E15252878BA007A64FE /* NSObject.swift */; };
		28374E18252878D3007A64FE /* Encodable+NSObject.swift in Sources */ = {isa = PBXBuildFile; fileRef = 28374E17252878D3007A64FE /* Encodable+NSObject.swift */; };
		28374E1A252878F5007A64FE /* Realm.swift in Sources */ = {isa = PBXBuildFile; fileRef = 28374E19252878F5007A64FE /* Realm.swift */; };
		28374E262528C9C9007A64FE /* SODatabaseManager.swift in Sources */ = {isa = PBXBuildFile; fileRef = 28374E252528C9C9007A64FE /* SODatabaseManager.swift */; };
		28374E2B2528CA8D007A64FE /* DBCache+CoreDataClass.swift in Sources */ = {isa = PBXBuildFile; fileRef = 28374E292528CA8D007A64FE /* DBCache+CoreDataClass.swift */; };
		28374E2C2528CA8D007A64FE /* DBCache+CoreDataProperties.swift in Sources */ = {isa = PBXBuildFile; fileRef = 28374E2A2528CA8D007A64FE /* DBCache+CoreDataProperties.swift */; };
		28374E2E2528CA9D007A64FE /* SOError.swift in Sources */ = {isa = PBXBuildFile; fileRef = 28374E2D2528CA9D007A64FE /* SOError.swift */; };
		28B67F6825AC30450033385B /* AppDelegate.swift in Sources */ = {isa = PBXBuildFile; fileRef = 28B67F6725AC30450033385B /* AppDelegate.swift */; };
		28B67F6A25AC30450033385B /* SceneDelegate.swift in Sources */ = {isa = PBXBuildFile; fileRef = 28B67F6925AC30450033385B /* SceneDelegate.swift */; };
		28B67F6C25AC30450033385B /* ViewController.swift in Sources */ = {isa = PBXBuildFile; fileRef = 28B67F6B25AC30450033385B /* ViewController.swift */; };
		28B67F6F25AC30450033385B /* Main.storyboard in Resources */ = {isa = PBXBuildFile; fileRef = 28B67F6D25AC30450033385B /* Main.storyboard */; };
		28B67F7125AC30470033385B /* Assets.xcassets in Resources */ = {isa = PBXBuildFile; fileRef = 28B67F7025AC30470033385B /* Assets.xcassets */; };
		28B67F7425AC30470033385B /* LaunchScreen.storyboard in Resources */ = {isa = PBXBuildFile; fileRef = 28B67F7225AC30470033385B /* LaunchScreen.storyboard */; };
		28B67F7A25AC305A0033385B /* SOCodable.framework in Frameworks */ = {isa = PBXBuildFile; fileRef = 28374DE8252876DC007A64FE /* SOCodable.framework */; };
		28B67F7B25AC305A0033385B /* SOCodable.framework in Embed Frameworks */ = {isa = PBXBuildFile; fileRef = 28374DE8252876DC007A64FE /* SOCodable.framework */; settings = {ATTRIBUTES = (CodeSignOnCopy, RemoveHeadersOnCopy, ); }; };
		28B67F7E25AC35660033385B /* DBCache.xcdatamodel in Sources */ = {isa = PBXBuildFile; fileRef = 28B67F7D25AC35660033385B /* DBCache.xcdatamodel */; };
/* End PBXBuildFile section */

/* Begin PBXContainerItemProxy section */
		28374DF3252876DC007A64FE /* PBXContainerItemProxy */ = {
			isa = PBXContainerItemProxy;
			containerPortal = 28374DDF252876DC007A64FE /* Project object */;
			proxyType = 1;
			remoteGlobalIDString = 28374DE7252876DC007A64FE;
			remoteInfo = SOCodable;
		};
/* End PBXContainerItemProxy section */

/* Begin PBXCopyFilesBuildPhase section */
		28B67F7C25AC305A0033385B /* Embed Frameworks */ = {
			isa = PBXCopyFilesBuildPhase;
			buildActionMask = 2147483647;
			dstPath = "";
			dstSubfolderSpec = 10;
			files = (
				28B67F7B25AC305A0033385B /* SOCodable.framework in Embed Frameworks */,
			);
			name = "Embed Frameworks";
			runOnlyForDeploymentPostprocessing = 0;
		};
/* End PBXCopyFilesBuildPhase section */

/* Begin PBXFileReference section */
		28374DE8252876DC007A64FE /* SOCodable.framework */ = {isa = PBXFileReference; explicitFileType = wrapper.framework; includeInIndex = 0; path = SOCodable.framework; sourceTree = BUILT_PRODUCTS_DIR; };
		28374DEB252876DC007A64FE /* SOCodable.h */ = {isa = PBXFileReference; lastKnownFileType = sourcecode.c.h; path = SOCodable.h; sourceTree = "<group>"; };
		28374DEC252876DC007A64FE /* Info.plist */ = {isa = PBXFileReference; lastKnownFileType = text.plist.xml; path = Info.plist; sourceTree = "<group>"; };
		28374DF1252876DC007A64FE /* SOCodableTests.xctest */ = {isa = PBXFileReference; explicitFileType = wrapper.cfbundle; includeInIndex = 0; path = SOCodableTests.xctest; sourceTree = BUILT_PRODUCTS_DIR; };
		28374DF6252876DD007A64FE /* SOCodableTests.swift */ = {isa = PBXFileReference; lastKnownFileType = sourcecode.swift; path = SOCodableTests.swift; sourceTree = "<group>"; };
		28374DF8252876DD007A64FE /* Info.plist */ = {isa = PBXFileReference; lastKnownFileType = text.plist.xml; path = Info.plist; sourceTree = "<group>"; };
		28374E03252876F1007A64FE /* CoreData.framework */ = {isa = PBXFileReference; lastKnownFileType = wrapper.framework; name = CoreData.framework; path = Platforms/MacOSX.platform/Developer/SDKs/MacOSX10.15.sdk/System/Library/Frameworks/CoreData.framework; sourceTree = DEVELOPER_DIR; };
		28374E0825287748007A64FE /* SOCodable.swift */ = {isa = PBXFileReference; fileEncoding = 4; lastKnownFileType = sourcecode.swift; path = SOCodable.swift; sourceTree = "<group>"; };
		28374E0D2528784C007A64FE /* DictionaryArray.swift */ = {isa = PBXFileReference; lastKnownFileType = sourcecode.swift; path = DictionaryArray.swift; sourceTree = "<group>"; };
		28374E0F2528785A007A64FE /* Dictionary.swift */ = {isa = PBXFileReference; lastKnownFileType = sourcecode.swift; path = Dictionary.swift; sourceTree = "<group>"; };
		28374E1125287866007A64FE /* Encodable.swift */ = {isa = PBXFileReference; lastKnownFileType = sourcecode.swift; path = Encodable.swift; sourceTree = "<group>"; };
		28374E132528788B007A64FE /* String.swift */ = {isa = PBXFileReference; lastKnownFileType = sourcecode.swift; path = String.swift; sourceTree = "<group>"; };
		28374E15252878BA007A64FE /* NSObject.swift */ = {isa = PBXFileReference; lastKnownFileType = sourcecode.swift; path = NSObject.swift; sourceTree = "<group>"; };
		28374E17252878D3007A64FE /* Encodable+NSObject.swift */ = {isa = PBXFileReference; lastKnownFileType = sourcecode.swift; path = "Encodable+NSObject.swift"; sourceTree = "<group>"; };
		28374E19252878F5007A64FE /* Realm.swift */ = {isa = PBXFileReference; lastKnownFileType = sourcecode.swift; path = Realm.swift; sourceTree = "<group>"; };
		28374E252528C9C9007A64FE /* SODatabaseManager.swift */ = {isa = PBXFileReference; lastKnownFileType = sourcecode.swift; path = SODatabaseManager.swift; sourceTree = "<group>"; };
		28374E292528CA8D007A64FE /* DBCache+CoreDataClass.swift */ = {isa = PBXFileReference; lastKnownFileType = sourcecode.swift; path = "DBCache+CoreDataClass.swift"; sourceTree = "<group>"; };
		28374E2A2528CA8D007A64FE /* DBCache+CoreDataProperties.swift */ = {isa = PBXFileReference; lastKnownFileType = sourcecode.swift; path = "DBCache+CoreDataProperties.swift"; sourceTree = "<group>"; };
		28374E2D2528CA9D007A64FE /* SOError.swift */ = {isa = PBXFileReference; lastKnownFileType = sourcecode.swift; path = SOError.swift; sourceTree = "<group>"; };
		28B67F6525AC30450033385B /* SOCodableDemo.app */ = {isa = PBXFileReference; explicitFileType = wrapper.application; includeInIndex = 0; path = SOCodableDemo.app; sourceTree = BUILT_PRODUCTS_DIR; };
		28B67F6725AC30450033385B /* AppDelegate.swift */ = {isa = PBXFileReference; lastKnownFileType = sourcecode.swift; path = AppDelegate.swift; sourceTree = "<group>"; };
		28B67F6925AC30450033385B /* SceneDelegate.swift */ = {isa = PBXFileReference; lastKnownFileType = sourcecode.swift; path = SceneDelegate.swift; sourceTree = "<group>"; };
		28B67F6B25AC30450033385B /* ViewController.swift */ = {isa = PBXFileReference; lastKnownFileType = sourcecode.swift; path = ViewController.swift; sourceTree = "<group>"; };
		28B67F6E25AC30450033385B /* Base */ = {isa = PBXFileReference; lastKnownFileType = file.storyboard; name = Base; path = Base.lproj/Main.storyboard; sourceTree = "<group>"; };
		28B67F7025AC30470033385B /* Assets.xcassets */ = {isa = PBXFileReference; lastKnownFileType = folder.assetcatalog; path = Assets.xcassets; sourceTree = "<group>"; };
		28B67F7325AC30470033385B /* Base */ = {isa = PBXFileReference; lastKnownFileType = file.storyboard; name = Base; path = Base.lproj/LaunchScreen.storyboard; sourceTree = "<group>"; };
		28B67F7525AC30470033385B /* Info.plist */ = {isa = PBXFileReference; lastKnownFileType = text.plist.xml; path = Info.plist; sourceTree = "<group>"; };
		28B67F7D25AC35660033385B /* DBCache.xcdatamodel */ = {isa = PBXFileReference; lastKnownFileType = wrapper.xcdatamodel; name = DBCache.xcdatamodel; path = Models/DBCache.xcdatamodeld/DBCache.xcdatamodel; sourceTree = "<group>"; };
/* End PBXFileReference section */

/* Begin PBXFrameworksBuildPhase section */
		28374DE5252876DC007A64FE /* Frameworks */ = {
			isa = PBXFrameworksBuildPhase;
			buildActionMask = 2147483647;
			files = (
				28374E04252876F1007A64FE /* CoreData.framework in Frameworks */,
			);
			runOnlyForDeploymentPostprocessing = 0;
		};
		28374DEE252876DC007A64FE /* Frameworks */ = {
			isa = PBXFrameworksBuildPhase;
			buildActionMask = 2147483647;
			files = (
				28374DF2252876DC007A64FE /* SOCodable.framework in Frameworks */,
			);
			runOnlyForDeploymentPostprocessing = 0;
		};
		28B67F6225AC30450033385B /* Frameworks */ = {
			isa = PBXFrameworksBuildPhase;
			buildActionMask = 2147483647;
			files = (
				28B67F7A25AC305A0033385B /* SOCodable.framework in Frameworks */,
			);
			runOnlyForDeploymentPostprocessing = 0;
		};
/* End PBXFrameworksBuildPhase section */

/* Begin PBXGroup section */
		28374DDE252876DC007A64FE = {
			isa = PBXGroup;
			children = (
				28374DEA252876DC007A64FE /* SOCodable */,
				28374DF5252876DD007A64FE /* SOCodableTests */,
				28B67F6625AC30450033385B /* SOCodableDemo */,
				28374DE9252876DC007A64FE /* Products */,
				28374E02252876F1007A64FE /* Frameworks */,
			);
			sourceTree = "<group>";
		};
		28374DE9252876DC007A64FE /* Products */ = {
			isa = PBXGroup;
			children = (
				28374DE8252876DC007A64FE /* SOCodable.framework */,
				28374DF1252876DC007A64FE /* SOCodableTests.xctest */,
				28B67F6525AC30450033385B /* SOCodableDemo.app */,
			);
			name = Products;
			sourceTree = "<group>";
		};
		28374DEA252876DC007A64FE /* SOCodable */ = {
			isa = PBXGroup;
			children = (
				28374DEB252876DC007A64FE /* SOCodable.h */,
				28374E2D2528CA9D007A64FE /* SOError.swift */,
				28374E0825287748007A64FE /* SOCodable.swift */,
				28374E252528C9C9007A64FE /* SODatabaseManager.swift */,
				28374E282528CA34007A64FE /* Models */,
				28B67F7D25AC35660033385B /* DBCache.xcdatamodel */,
				28374E0C25287836007A64FE /* Extentions */,
				28374DEC252876DC007A64FE /* Info.plist */,
			);
			path = SOCodable;
			sourceTree = "<group>";
		};
		28374DF5252876DD007A64FE /* SOCodableTests */ = {
			isa = PBXGroup;
			children = (
				28374DF6252876DD007A64FE /* SOCodableTests.swift */,
				28374DF8252876DD007A64FE /* Info.plist */,
			);
			path = SOCodableTests;
			sourceTree = "<group>";
		};
		28374E02252876F1007A64FE /* Frameworks */ = {
			isa = PBXGroup;
			children = (
				28374E03252876F1007A64FE /* CoreData.framework */,
			);
			name = Frameworks;
			sourceTree = "<group>";
		};
		28374E0C25287836007A64FE /* Extentions */ = {
			isa = PBXGroup;
			children = (
				28374E0D2528784C007A64FE /* DictionaryArray.swift */,
				28374E0F2528785A007A64FE /* Dictionary.swift */,
				28374E1125287866007A64FE /* Encodable.swift */,
				28374E132528788B007A64FE /* String.swift */,
				28374E15252878BA007A64FE /* NSObject.swift */,
				28374E17252878D3007A64FE /* Encodable+NSObject.swift */,
				28374E19252878F5007A64FE /* Realm.swift */,
			);
			path = Extentions;
			sourceTree = "<group>";
		};
		28374E282528CA34007A64FE /* Models */ = {
			isa = PBXGroup;
			children = (
				28374E292528CA8D007A64FE /* DBCache+CoreDataClass.swift */,
				28374E2A2528CA8D007A64FE /* DBCache+CoreDataProperties.swift */,
			);
			path = Models;
			sourceTree = "<group>";
		};
		28B67F6625AC30450033385B /* SOCodableDemo */ = {
			isa = PBXGroup;
			children = (
				28B67F6725AC30450033385B /* AppDelegate.swift */,
				28B67F6925AC30450033385B /* SceneDelegate.swift */,
				28B67F6B25AC30450033385B /* ViewController.swift */,
				28B67F6D25AC30450033385B /* Main.storyboard */,
				28B67F7025AC30470033385B /* Assets.xcassets */,
				28B67F7225AC30470033385B /* LaunchScreen.storyboard */,
				28B67F7525AC30470033385B /* Info.plist */,
			);
			path = SOCodableDemo;
			sourceTree = "<group>";
		};
/* End PBXGroup section */

/* Begin PBXHeadersBuildPhase section */
		28374DE3252876DC007A64FE /* Headers */ = {
			isa = PBXHeadersBuildPhase;
			buildActionMask = 2147483647;
			files = (
				28374DF9252876DD007A64FE /* SOCodable.h in Headers */,
			);
			runOnlyForDeploymentPostprocessing = 0;
		};
/* End PBXHeadersBuildPhase section */

/* Begin PBXNativeTarget section */
		28374DE7252876DC007A64FE /* SOCodable */ = {
			isa = PBXNativeTarget;
			buildConfigurationList = 28374DFC252876DD007A64FE /* Build configuration list for PBXNativeTarget "SOCodable" */;
			buildPhases = (
				28374DE3252876DC007A64FE /* Headers */,
				28374DE4252876DC007A64FE /* Sources */,
				28374DE5252876DC007A64FE /* Frameworks */,
				28374DE6252876DC007A64FE /* Resources */,
			);
			buildRules = (
			);
			dependencies = (
			);
			name = SOCodable;
			productName = SOCodable;
			productReference = 28374DE8252876DC007A64FE /* SOCodable.framework */;
			productType = "com.apple.product-type.framework";
		};
		28374DF0252876DC007A64FE /* SOCodableTests */ = {
			isa = PBXNativeTarget;
			buildConfigurationList = 28374DFF252876DD007A64FE /* Build configuration list for PBXNativeTarget "SOCodableTests" */;
			buildPhases = (
				28374DED252876DC007A64FE /* Sources */,
				28374DEE252876DC007A64FE /* Frameworks */,
				28374DEF252876DC007A64FE /* Resources */,
			);
			buildRules = (
			);
			dependencies = (
				28374DF4252876DC007A64FE /* PBXTargetDependency */,
			);
			name = SOCodableTests;
			productName = SOCodableTests;
			productReference = 28374DF1252876DC007A64FE /* SOCodableTests.xctest */;
			productType = "com.apple.product-type.bundle.unit-test";
		};
		28B67F6425AC30450033385B /* SOCodableDemo */ = {
			isa = PBXNativeTarget;
			buildConfigurationList = 28B67F7825AC30470033385B /* Build configuration list for PBXNativeTarget "SOCodableDemo" */;
			buildPhases = (
				28B67F6125AC30450033385B /* Sources */,
				28B67F6225AC30450033385B /* Frameworks */,
				28B67F6325AC30450033385B /* Resources */,
				28B67F7C25AC305A0033385B /* Embed Frameworks */,
			);
			buildRules = (
			);
			dependencies = (
			);
			name = SOCodableDemo;
			productName = SOCodableDemo;
			productReference = 28B67F6525AC30450033385B /* SOCodableDemo.app */;
			productType = "com.apple.product-type.application";
		};
/* End PBXNativeTarget section */

/* Begin PBXProject section */
		28374DDF252876DC007A64FE /* Project object */ = {
			isa = PBXProject;
			attributes = {
				LastSwiftUpdateCheck = 1150;
				LastUpgradeCheck = 1150;
				ORGANIZATIONNAME = "Chaitanya Soni";
				TargetAttributes = {
					28374DE7252876DC007A64FE = {
						CreatedOnToolsVersion = 11.5;
						LastSwiftMigration = 1150;
					};
					28374DF0252876DC007A64FE = {
						CreatedOnToolsVersion = 11.5;
					};
					28B67F6425AC30450033385B = {
						CreatedOnToolsVersion = 11.5;
					};
				};
			};
			buildConfigurationList = 28374DE2252876DC007A64FE /* Build configuration list for PBXProject "SOCodable" */;
			compatibilityVersion = "Xcode 9.3";
			developmentRegion = en;
			hasScannedForEncodings = 0;
			knownRegions = (
				en,
				Base,
			);
			mainGroup = 28374DDE252876DC007A64FE;
			productRefGroup = 28374DE9252876DC007A64FE /* Products */;
			projectDirPath = "";
			projectRoot = "";
			targets = (
				28374DE7252876DC007A64FE /* SOCodable */,
				28374DF0252876DC007A64FE /* SOCodableTests */,
				28B67F6425AC30450033385B /* SOCodableDemo */,
			);
		};
/* End PBXProject section */

/* Begin PBXResourcesBuildPhase section */
		28374DE6252876DC007A64FE /* Resources */ = {
			isa = PBXResourcesBuildPhase;
			buildActionMask = 2147483647;
			files = (
			);
			runOnlyForDeploymentPostprocessing = 0;
		};
		28374DEF252876DC007A64FE /* Resources */ = {
			isa = PBXResourcesBuildPhase;
			buildActionMask = 2147483647;
			files = (
			);
			runOnlyForDeploymentPostprocessing = 0;
		};
		28B67F6325AC30450033385B /* Resources */ = {
			isa = PBXResourcesBuildPhase;
			buildActionMask = 2147483647;
			files = (
				28B67F7425AC30470033385B /* LaunchScreen.storyboard in Resources */,
				28B67F7125AC30470033385B /* Assets.xcassets in Resources */,
				28B67F6F25AC30450033385B /* Main.storyboard in Resources */,
			);
			runOnlyForDeploymentPostprocessing = 0;
		};
/* End PBXResourcesBuildPhase section */

/* Begin PBXSourcesBuildPhase section */
		28374DE4252876DC007A64FE /* Sources */ = {
			isa = PBXSourcesBuildPhase;
			buildActionMask = 2147483647;
			files = (
				28374E142528788B007A64FE /* String.swift in Sources */,
				28374E0925287748007A64FE /* SOCodable.swift in Sources */,
				28374E102528785A007A64FE /* Dictionary.swift in Sources */,
				28374E18252878D3007A64FE /* Encodable+NSObject.swift in Sources */,
				28374E16252878BA007A64FE /* NSObject.swift in Sources */,
				28374E0E2528784C007A64FE /* DictionaryArray.swift in Sources */,
				28374E1225287866007A64FE /* Encodable.swift in Sources */,
				28B67F7E25AC35660033385B /* DBCache.xcdatamodel in Sources */,
				28374E2B2528CA8D007A64FE /* DBCache+CoreDataClass.swift in Sources */,
				28374E262528C9C9007A64FE /* SODatabaseManager.swift in Sources */,
				28374E2E2528CA9D007A64FE /* SOError.swift in Sources */,
				28374E2C2528CA8D007A64FE /* DBCache+CoreDataProperties.swift in Sources */,
				28374E1A252878F5007A64FE /* Realm.swift in Sources */,
			);
			runOnlyForDeploymentPostprocessing = 0;
		};
		28374DED252876DC007A64FE /* Sources */ = {
			isa = PBXSourcesBuildPhase;
			buildActionMask = 2147483647;
			files = (
				28374DF7252876DD007A64FE /* SOCodableTests.swift in Sources */,
			);
			runOnlyForDeploymentPostprocessing = 0;
		};
		28B67F6125AC30450033385B /* Sources */ = {
			isa = PBXSourcesBuildPhase;
			buildActionMask = 2147483647;
			files = (
				28B67F6C25AC30450033385B /* ViewController.swift in Sources */,
				28B67F6825AC30450033385B /* AppDelegate.swift in Sources */,
				28B67F6A25AC30450033385B /* SceneDelegate.swift in Sources */,
			);
			runOnlyForDeploymentPostprocessing = 0;
		};
/* End PBXSourcesBuildPhase section */

/* Begin PBXTargetDependency section */
		28374DF4252876DC007A64FE /* PBXTargetDependency */ = {
			isa = PBXTargetDependency;
			target = 28374DE7252876DC007A64FE /* SOCodable */;
			targetProxy = 28374DF3252876DC007A64FE /* PBXContainerItemProxy */;
		};
/* End PBXTargetDependency section */

/* Begin PBXVariantGroup section */
		28B67F6D25AC30450033385B /* Main.storyboard */ = {
			isa = PBXVariantGroup;
			children = (
				28B67F6E25AC30450033385B /* Base */,
			);
			name = Main.storyboard;
			sourceTree = "<group>";
		};
		28B67F7225AC30470033385B /* LaunchScreen.storyboard */ = {
			isa = PBXVariantGroup;
			children = (
				28B67F7325AC30470033385B /* Base */,
			);
			name = LaunchScreen.storyboard;
			sourceTree = "<group>";
		};
/* End PBXVariantGroup section */

/* Begin XCBuildConfiguration section */
		28374DFA252876DD007A64FE /* Debug */ = {
			isa = XCBuildConfiguration;
			buildSettings = {
				ALWAYS_SEARCH_USER_PATHS = NO;
				CLANG_ANALYZER_NONNULL = YES;
				CLANG_ANALYZER_NUMBER_OBJECT_CONVERSION = YES_AGGRESSIVE;
				CLANG_CXX_LANGUAGE_STANDARD = "gnu++14";
				CLANG_CXX_LIBRARY = "libc++";
				CLANG_ENABLE_MODULES = YES;
				CLANG_ENABLE_OBJC_ARC = YES;
				CLANG_ENABLE_OBJC_WEAK = YES;
				CLANG_WARN_BLOCK_CAPTURE_AUTORELEASING = YES;
				CLANG_WARN_BOOL_CONVERSION = YES;
				CLANG_WARN_COMMA = YES;
				CLANG_WARN_CONSTANT_CONVERSION = YES;
				CLANG_WARN_DEPRECATED_OBJC_IMPLEMENTATIONS = YES;
				CLANG_WARN_DIRECT_OBJC_ISA_USAGE = YES_ERROR;
				CLANG_WARN_DOCUMENTATION_COMMENTS = YES;
				CLANG_WARN_EMPTY_BODY = YES;
				CLANG_WARN_ENUM_CONVERSION = YES;
				CLANG_WARN_INFINITE_RECURSION = YES;
				CLANG_WARN_INT_CONVERSION = YES;
				CLANG_WARN_NON_LITERAL_NULL_CONVERSION = YES;
				CLANG_WARN_OBJC_IMPLICIT_RETAIN_SELF = YES;
				CLANG_WARN_OBJC_LITERAL_CONVERSION = YES;
				CLANG_WARN_OBJC_ROOT_CLASS = YES_ERROR;
				CLANG_WARN_RANGE_LOOP_ANALYSIS = YES;
				CLANG_WARN_STRICT_PROTOTYPES = YES;
				CLANG_WARN_SUSPICIOUS_MOVE = YES;
				CLANG_WARN_UNGUARDED_AVAILABILITY = YES_AGGRESSIVE;
				CLANG_WARN_UNREACHABLE_CODE = YES;
				CLANG_WARN__DUPLICATE_METHOD_MATCH = YES;
				COPY_PHASE_STRIP = NO;
				CURRENT_PROJECT_VERSION = 1;
				DEBUG_INFORMATION_FORMAT = dwarf;
				ENABLE_STRICT_OBJC_MSGSEND = YES;
				ENABLE_TESTABILITY = YES;
				GCC_C_LANGUAGE_STANDARD = gnu11;
				GCC_DYNAMIC_NO_PIC = NO;
				GCC_NO_COMMON_BLOCKS = YES;
				GCC_OPTIMIZATION_LEVEL = 0;
				GCC_PREPROCESSOR_DEFINITIONS = (
					"DEBUG=1",
					"$(inherited)",
				);
				GCC_WARN_64_TO_32_BIT_CONVERSION = YES;
				GCC_WARN_ABOUT_RETURN_TYPE = YES_ERROR;
				GCC_WARN_UNDECLARED_SELECTOR = YES;
				GCC_WARN_UNINITIALIZED_AUTOS = YES_AGGRESSIVE;
				GCC_WARN_UNUSED_FUNCTION = YES;
				GCC_WARN_UNUSED_VARIABLE = YES;
				IPHONEOS_DEPLOYMENT_TARGET = 13.5;
				MTL_ENABLE_DEBUG_INFO = INCLUDE_SOURCE;
				MTL_FAST_MATH = YES;
				ONLY_ACTIVE_ARCH = YES;
				SDKROOT = iphoneos;
				SWIFT_ACTIVE_COMPILATION_CONDITIONS = DEBUG;
				SWIFT_OPTIMIZATION_LEVEL = "-Onone";
				VERSIONING_SYSTEM = "apple-generic";
				VERSION_INFO_PREFIX = "";
			};
			name = Debug;
		};
		28374DFB252876DD007A64FE /* Release */ = {
			isa = XCBuildConfiguration;
			buildSettings = {
				ALWAYS_SEARCH_USER_PATHS = NO;
				CLANG_ANALYZER_NONNULL = YES;
				CLANG_ANALYZER_NUMBER_OBJECT_CONVERSION = YES_AGGRESSIVE;
				CLANG_CXX_LANGUAGE_STANDARD = "gnu++14";
				CLANG_CXX_LIBRARY = "libc++";
				CLANG_ENABLE_MODULES = YES;
				CLANG_ENABLE_OBJC_ARC = YES;
				CLANG_ENABLE_OBJC_WEAK = YES;
				CLANG_WARN_BLOCK_CAPTURE_AUTORELEASING = YES;
				CLANG_WARN_BOOL_CONVERSION = YES;
				CLANG_WARN_COMMA = YES;
				CLANG_WARN_CONSTANT_CONVERSION = YES;
				CLANG_WARN_DEPRECATED_OBJC_IMPLEMENTATIONS = YES;
				CLANG_WARN_DIRECT_OBJC_ISA_USAGE = YES_ERROR;
				CLANG_WARN_DOCUMENTATION_COMMENTS = YES;
				CLANG_WARN_EMPTY_BODY = YES;
				CLANG_WARN_ENUM_CONVERSION = YES;
				CLANG_WARN_INFINITE_RECURSION = YES;
				CLANG_WARN_INT_CONVERSION = YES;
				CLANG_WARN_NON_LITERAL_NULL_CONVERSION = YES;
				CLANG_WARN_OBJC_IMPLICIT_RETAIN_SELF = YES;
				CLANG_WARN_OBJC_LITERAL_CONVERSION = YES;
				CLANG_WARN_OBJC_ROOT_CLASS = YES_ERROR;
				CLANG_WARN_RANGE_LOOP_ANALYSIS = YES;
				CLANG_WARN_STRICT_PROTOTYPES = YES;
				CLANG_WARN_SUSPICIOUS_MOVE = YES;
				CLANG_WARN_UNGUARDED_AVAILABILITY = YES_AGGRESSIVE;
				CLANG_WARN_UNREACHABLE_CODE = YES;
				CLANG_WARN__DUPLICATE_METHOD_MATCH = YES;
				COPY_PHASE_STRIP = NO;
				CURRENT_PROJECT_VERSION = 1;
				DEBUG_INFORMATION_FORMAT = "dwarf-with-dsym";
				ENABLE_NS_ASSERTIONS = NO;
				ENABLE_STRICT_OBJC_MSGSEND = YES;
				GCC_C_LANGUAGE_STANDARD = gnu11;
				GCC_NO_COMMON_BLOCKS = YES;
				GCC_WARN_64_TO_32_BIT_CONVERSION = YES;
				GCC_WARN_ABOUT_RETURN_TYPE = YES_ERROR;
				GCC_WARN_UNDECLARED_SELECTOR = YES;
				GCC_WARN_UNINITIALIZED_AUTOS = YES_AGGRESSIVE;
				GCC_WARN_UNUSED_FUNCTION = YES;
				GCC_WARN_UNUSED_VARIABLE = YES;
				IPHONEOS_DEPLOYMENT_TARGET = 13.5;
				MTL_ENABLE_DEBUG_INFO = NO;
				MTL_FAST_MATH = YES;
				SDKROOT = iphoneos;
				SWIFT_COMPILATION_MODE = wholemodule;
				SWIFT_OPTIMIZATION_LEVEL = "-O";
				VALIDATE_PRODUCT = YES;
				VERSIONING_SYSTEM = "apple-generic";
				VERSION_INFO_PREFIX = "";
			};
			name = Release;
		};
		28374DFD252876DD007A64FE /* Debug */ = {
			isa = XCBuildConfiguration;
			buildSettings = {
				CLANG_ENABLE_MODULES = YES;
				CODE_SIGN_STYLE = Automatic;
				DEFINES_MODULE = YES;
				DYLIB_COMPATIBILITY_VERSION = 1;
				DYLIB_CURRENT_VERSION = 1;
				DYLIB_INSTALL_NAME_BASE = "@rpath";
				INFOPLIST_FILE = SOCodable/Info.plist;
				INSTALL_PATH = "$(LOCAL_LIBRARY_DIR)/Frameworks";
				LD_RUNPATH_SEARCH_PATHS = (
					"$(inherited)",
					"@executable_path/Frameworks",
					"@loader_path/Frameworks",
				);
				PRODUCT_BUNDLE_IDENTIFIER = chaitanyaSoni.SOCodable;
				PRODUCT_NAME = "$(TARGET_NAME:c99extidentifier)";
				SKIP_INSTALL = YES;
				SWIFT_OPTIMIZATION_LEVEL = "-Onone";
				SWIFT_VERSION = 5.0;
				TARGETED_DEVICE_FAMILY = "1,2";
			};
			name = Debug;
		};
		28374DFE252876DD007A64FE /* Release */ = {
			isa = XCBuildConfiguration;
			buildSettings = {
				CLANG_ENABLE_MODULES = YES;
				CODE_SIGN_STYLE = Automatic;
				DEFINES_MODULE = YES;
				DYLIB_COMPATIBILITY_VERSION = 1;
				DYLIB_CURRENT_VERSION = 1;
				DYLIB_INSTALL_NAME_BASE = "@rpath";
				INFOPLIST_FILE = SOCodable/Info.plist;
				INSTALL_PATH = "$(LOCAL_LIBRARY_DIR)/Frameworks";
				LD_RUNPATH_SEARCH_PATHS = (
					"$(inherited)",
					"@executable_path/Frameworks",
					"@loader_path/Frameworks",
				);
				PRODUCT_BUNDLE_IDENTIFIER = chaitanyaSoni.SOCodable;
				PRODUCT_NAME = "$(TARGET_NAME:c99extidentifier)";
				SKIP_INSTALL = YES;
				SWIFT_VERSION = 5.0;
				TARGETED_DEVICE_FAMILY = "1,2";
			};
			name = Release;
		};
		28374E00252876DD007A64FE /* Debug */ = {
			isa = XCBuildConfiguration;
			buildSettings = {
				ALWAYS_EMBED_SWIFT_STANDARD_LIBRARIES = YES;
				CODE_SIGN_STYLE = Automatic;
				INFOPLIST_FILE = SOCodableTests/Info.plist;
				LD_RUNPATH_SEARCH_PATHS = (
					"$(inherited)",
					"@executable_path/Frameworks",
					"@loader_path/Frameworks",
				);
				PRODUCT_BUNDLE_IDENTIFIER = chaitanyaSoni.SOCodableTests;
				PRODUCT_NAME = "$(TARGET_NAME)";
				SWIFT_VERSION = 5.0;
				TARGETED_DEVICE_FAMILY = "1,2";
			};
			name = Debug;
		};
		28374E01252876DD007A64FE /* Release */ = {
			isa = XCBuildConfiguration;
			buildSettings = {
				ALWAYS_EMBED_SWIFT_STANDARD_LIBRARIES = YES;
				CODE_SIGN_STYLE = Automatic;
				INFOPLIST_FILE = SOCodableTests/Info.plist;
				LD_RUNPATH_SEARCH_PATHS = (
					"$(inherited)",
					"@executable_path/Frameworks",
					"@loader_path/Frameworks",
				);
				PRODUCT_BUNDLE_IDENTIFIER = chaitanyaSoni.SOCodableTests;
				PRODUCT_NAME = "$(TARGET_NAME)";
				SWIFT_VERSION = 5.0;
				TARGETED_DEVICE_FAMILY = "1,2";
			};
			name = Release;
		};
		28B67F7625AC30470033385B /* Debug */ = {
			isa = XCBuildConfiguration;
			buildSettings = {
				ASSETCATALOG_COMPILER_APPICON_NAME = AppIcon;
				CODE_SIGN_STYLE = Automatic;
				DEVELOPMENT_TEAM = 2RW34KLZ83;
				INFOPLIST_FILE = SOCodableDemo/Info.plist;
				LD_RUNPATH_SEARCH_PATHS = (
					"$(inherited)",
					"@executable_path/Frameworks",
				);
				PRODUCT_BUNDLE_IDENTIFIER = chaitanyaSoni.SOCodableDemo;
				PRODUCT_NAME = "$(TARGET_NAME)";
				SWIFT_VERSION = 5.0;
				TARGETED_DEVICE_FAMILY = "1,2";
			};
			name = Debug;
		};
		28B67F7725AC30470033385B /* Release */ = {
			isa = XCBuildConfiguration;
			buildSettings = {
				ASSETCATALOG_COMPILER_APPICON_NAME = AppIcon;
				CODE_SIGN_STYLE = Automatic;
				DEVELOPMENT_TEAM = 2RW34KLZ83;
				INFOPLIST_FILE = SOCodableDemo/Info.plist;
				LD_RUNPATH_SEARCH_PATHS = (
					"$(inherited)",
					"@executable_path/Frameworks",
				);
				PRODUCT_BUNDLE_IDENTIFIER = chaitanyaSoni.SOCodableDemo;
				PRODUCT_NAME = "$(TARGET_NAME)";
				SWIFT_VERSION = 5.0;
				TARGETED_DEVICE_FAMILY = "1,2";
			};
			name = Release;
		};
/* End XCBuildConfiguration section */

/* Begin XCConfigurationList section */
		28374DE2252876DC007A64FE /* Build configuration list for PBXProject "SOCodable" */ = {
			isa = XCConfigurationList;
			buildConfigurations = (
				28374DFA252876DD007A64FE /* Debug */,
				28374DFB252876DD007A64FE /* Release */,
			);
			defaultConfigurationIsVisible = 0;
			defaultConfigurationName = Release;
		};
		28374DFC252876DD007A64FE /* Build configuration list for PBXNativeTarget "SOCodable" */ = {
			isa = XCConfigurationList;
			buildConfigurations = (
				28374DFD252876DD007A64FE /* Debug */,
				28374DFE252876DD007A64FE /* Release */,
			);
			defaultConfigurationIsVisible = 0;
			defaultConfigurationName = Release;
		};
		28374DFF252876DD007A64FE /* Build configuration list for PBXNativeTarget "SOCodableTests" */ = {
			isa = XCConfigurationList;
			buildConfigurations = (
				28374E00252876DD007A64FE /* Debug */,
				28374E01252876DD007A64FE /* Release */,
			);
			defaultConfigurationIsVisible = 0;
			defaultConfigurationName = Release;
		};
		28B67F7825AC30470033385B /* Build configuration list for PBXNativeTarget "SOCodableDemo" */ = {
			isa = XCConfigurationList;
			buildConfigurations = (
				28B67F7625AC30470033385B /* Debug */,
				28B67F7725AC30470033385B /* Release */,
			);
			defaultConfigurationIsVisible = 0;
			defaultConfigurationName = Release;
		};
/* End XCConfigurationList section */
	};
	rootObject = 28374DDF252876DC007A64FE /* Project object */;
}
